
Microsoft Visual Studio Solution File, Format Version 12.00
# Visual Studio 15
VisualStudioVersion = 15.0.26430.12
MinimumVisualStudioVersion = 10.0.40219.1
Project("{FAE04EC0-301F-11D3-BF4B-00C04F79EFBC}") = "Gallery.Common", "Gallery.Common\Gallery.Common.csproj", "{8E4E9303-C6E3-4F46-8075-92C02B5C8ECF}"
EndProject
Project("{FAE04EC0-301F-11D3-BF4B-00C04F79EFBC}") = "Gallery.Common.Tests", "Gallery.Common.Tests\Gallery.Common.Tests.csproj", "{73493444-9B1B-45D1-84C9-ED9378075641}"
EndProject
Global
	GlobalSection(SolutionConfigurationPlatforms) = preSolution
		Debug|Any CPU = Debug|Any CPU
		Release|Any CPU = Release|Any CPU
	EndGlobalSection
	GlobalSection(ProjectConfigurationPlatforms) = postSolution
		{8E4E9303-C6E3-4F46-8075-92C02B5C8ECF}.Debug|Any CPU.ActiveCfg = Debug|Any CPU
		{8E4E9303-C6E3-4F46-8075-92C02B5C8ECF}.Debug|Any CPU.Build.0 = Debug|Any CPU
		{8E4E9303-C6E3-4F46-8075-92C02B5C8ECF}.Release|Any CPU.ActiveCfg = Release|Any CPU
		{8E4E9303-C6E3-4F46-8075-92C02B5C8ECF}.Release|Any CPU.Build.0 = Release|Any CPU
		{73493444-9B1B-45D1-84C9-ED9378075641}.Debug|Any CPU.ActiveCfg = Debug|Any CPU
		{73493444-9B1B-45D1-84C9-ED9378075641}.Debug|Any CPU.Build.0 = Debug|Any CPU
		{73493444-9B1B-45D1-84C9-ED9378075641}.Release|Any CPU.ActiveCfg = Release|Any CPU
		{73493444-9B1B-45D1-84C9-ED9378075641}.Release|Any CPU.Build.0 = Release|Any CPU
	EndGlobalSection
	GlobalSection(SolutionProperties) = preSolution
		HideSolutionNode = FALSE
	EndGlobalSection
EndGlobal
